
Microsoft Visual Studio Solution File, Format Version 12.00
# Visual Studio Version 17
VisualStudioVersion = 17.10.34916.146
MinimumVisualStudioVersion = 10.0.40219.1
Project("{FAE04EC0-301F-11D3-BF4B-00C04F79EFBC}") = "Loader", "Loader\Loader.csproj", "{6E82CBC4-E67B-40C8-B280-21525A8EE756}"
EndProject
Global
	GlobalSection(SolutionConfigurationPlatforms) = preSolution
		Debug|Any CPU = Debug|Any CPU
		Release|Any CPU = Release|Any CPU
	EndGlobalSection
	GlobalSection(ProjectConfigurationPlatforms) = postSolution
		{6E82CBC4-E67B-40C8-B280-21525A8EE756}.Debug|Any CPU.ActiveCfg = Debug|Any CPU
		{6E82CBC4-E67B-40C8-B280-21525A8EE756}.Debug|Any CPU.Build.0 = Debug|Any CPU
		{6E82CBC4-E67B-40C8-B280-21525A8EE756}.Release|Any CPU.ActiveCfg = Release|Any CPU
		{6E82CBC4-E67B-40C8-B280-21525A8EE756}.Release|Any CPU.Build.0 = Release|Any CPU
	EndGlobalSection
	GlobalSection(SolutionProperties) = preSolution
		HideSolutionNode = FALSE
	EndGlobalSection
	GlobalSection(ExtensibilityGlobals) = postSolution
		SolutionGuid = {FA5F73CE-FF6F-47D6-8FE1-8BFB094B1BDE}
	EndGlobalSection
EndGlobal
